{
  "version": 4,
  "terraform_version": "1.13.4",
  "serial": 35,
  "lineage": "0eee4b1a-3426-da12-c69b-86f1701c4399",
  "outputs": {
    "cloud_function_url": {
      "value": "https://europe-west1-project-processing-475110.cloudfunctions.net/match-resume",
      "type": "string"
    },
    "frontend_url": {
      "value": "https://storage.googleapis.com/resume-matcher-frontend/index.html",
      "type": "string"
    }
  },
  "resources": [
    {
      "mode": "managed",
      "type": "google_cloudfunctions_function",
      "name": "resume_matcher_cf",
      "provider": "provider[\"registry.terraform.io/hashicorp/google\"]",
      "instances": [
        {
          "schema_version": 0,
          "attributes": {
            "available_memory_mb": 512,
            "build_environment_variables": null,
            "build_worker_pool": "",
            "description": "",
            "docker_registry": "ARTIFACT_REGISTRY",
            "docker_repository": "",
            "entry_point": "match_resume",
            "environment_variables": {
              "DOCUMENT_AI_PROCESSOR_ID": "projects/project-processing-475110/locations/eu/processors/936d78612d21613",
              "KEYWORD_DATA_BUCKET": "resume-matcher-keywords"
            },
            "event_trigger": [],
            "https_trigger_security_level": "SECURE_OPTIONAL",
            "https_trigger_url": "https://europe-west1-project-processing-475110.cloudfunctions.net/match-resume",
            "id": "projects/project-processing-475110/locations/europe-west1/functions/match-resume",
            "ingress_settings": "ALLOW_ALL",
            "kms_key_name": "",
            "labels": {},
            "max_instances": 0,
            "min_instances": 0,
            "name": "match-resume",
            "project": "project-processing-475110",
            "region": "europe-west1",
            "runtime": "python310",
            "secret_environment_variables": [],
            "secret_volumes": [],
            "service_account_email": "resume-matcher-cf-sa@project-processing-475110.iam.gserviceaccount.com",
            "source_archive_bucket": "resume-matcher-frontend",
            "source_archive_object": "function_source.zip",
            "source_repository": [],
            "status": "ACTIVE",
            "timeout": 300,
            "timeouts": null,
            "trigger_http": true,
            "vpc_connector": "",
            "vpc_connector_egress_settings": ""
          },
          "sensitive_attributes": [],
          "identity_schema_version": 0,
          "private": "eyJlMmJmYjczMC1lY2FhLTExZTYtOGY4OC0zNDM2M2JjN2M0YzAiOnsiY3JlYXRlIjozMDAwMDAwMDAwMDAsImRlbGV0ZSI6MzAwMDAwMDAwMDAwLCJyZWFkIjozMDAwMDAwMDAwMDAsInVwZGF0ZSI6MzAwMDAwMDAwMDAwfX0=",
          "dependencies": [
            "google_service_account.cf_service_account",
            "google_storage_bucket.frontend_bucket",
            "google_storage_bucket.keyword_data_bucket"
          ]
        }
      ]
    },
    {
      "mode": "managed",
      "type": "google_cloudfunctions_function_iam_member",
      "name": "invoker",
      "provider": "provider[\"registry.terraform.io/hashicorp/google\"]",
      "instances": [
        {
          "schema_version": 0,
          "attributes": {
            "cloud_function": "projects/project-processing-475110/locations/europe-west1/functions/match-resume",
            "condition": [],
            "etag": "BwZBgD7vEL0=",
            "id": "projects/project-processing-475110/locations/europe-west1/functions/match-resume/roles/cloudfunctions.invoker/allUsers",
            "member": "allUsers",
            "project": "project-processing-475110",
            "region": "europe-west1",
            "role": "roles/cloudfunctions.invoker"
          },
          "sensitive_attributes": [],
          "identity_schema_version": 0,
          "private": "bnVsbA==",
          "dependencies": [
            "google_cloudfunctions_function.resume_matcher_cf",
            "google_service_account.cf_service_account",
            "google_storage_bucket.frontend_bucket",
            "google_storage_bucket.keyword_data_bucket"
          ]
        }
      ]
    },
    {
      "mode": "managed",
      "type": "google_project_iam_member",
      "name": "cf_documentai_user",
      "provider": "provider[\"registry.terraform.io/hashicorp/google\"]",
      "instances": [
        {
          "schema_version": 0,
          "attributes": {
            "condition": [
              {
                "description": "Grants documentai.apiUser role to a specific Document AI processor",
                "expression": "resource.name == \"projects/project-processing-475110/locations/eu/processors/936d78612d21613\"",
                "title": "Processor specific access"
              }
            ],
            "etag": "BwZBdzDX9Vs=",
            "id": "project-processing-475110/roles/documentai.apiUser/serviceAccount:resume-matcher-cf-sa@project-processing-475110.iam.gserviceaccount.com/Processor specific access/Grants documentai.apiUser role to a specific Document AI processor/resource.name == \"projects/project-processing-475110/locations/eu/processors/936d78612d21613\"",
            "member": "serviceAccount:resume-matcher-cf-sa@project-processing-475110.iam.gserviceaccount.com",
            "project": "project-processing-475110",
            "role": "roles/documentai.apiUser"
          },
          "sensitive_attributes": [],
          "identity_schema_version": 0,
          "private": "bnVsbA==",
          "dependencies": [
            "google_service_account.cf_service_account"
          ]
        }
      ]
    },
    {
      "mode": "managed",
      "type": "google_project_iam_member",
      "name": "cf_storage_viewer",
      "provider": "provider[\"registry.terraform.io/hashicorp/google\"]",
      "instances": [
        {
          "schema_version": 0,
          "attributes": {
            "condition": [],
            "etag": "BwZBdzDX9Vs=",
            "id": "project-processing-475110/roles/storage.objectViewer/serviceAccount:resume-matcher-cf-sa@project-processing-475110.iam.gserviceaccount.com",
            "member": "serviceAccount:resume-matcher-cf-sa@project-processing-475110.iam.gserviceaccount.com",
            "project": "project-processing-475110",
            "role": "roles/storage.objectViewer"
          },
          "sensitive_attributes": [],
          "identity_schema_version": 0,
          "private": "bnVsbA==",
          "dependencies": [
            "google_service_account.cf_service_account"
          ]
        }
      ]
    },
    {
      "mode": "managed",
      "type": "google_service_account",
      "name": "cf_service_account",
      "provider": "provider[\"registry.terraform.io/hashicorp/google\"]",
      "instances": [
        {
          "schema_version": 0,
          "attributes": {
            "account_id": "resume-matcher-cf-sa",
            "description": "",
            "disabled": false,
            "display_name": "Service Account for Resume Matcher Cloud Function",
            "email": "resume-matcher-cf-sa@project-processing-475110.iam.gserviceaccount.com",
            "id": "projects/project-processing-475110/serviceAccounts/resume-matcher-cf-sa@project-processing-475110.iam.gserviceaccount.com",
            "member": "serviceAccount:resume-matcher-cf-sa@project-processing-475110.iam.gserviceaccount.com",
            "name": "projects/project-processing-475110/serviceAccounts/resume-matcher-cf-sa@project-processing-475110.iam.gserviceaccount.com",
            "project": "project-processing-475110",
            "timeouts": null,
            "unique_id": "109496522366273123495"
          },
          "sensitive_attributes": [],
          "identity_schema_version": 0,
          "private": "eyJlMmJmYjczMC1lY2FhLTExZTYtOGY4OC0zNDM2M2JjN2M0YzAiOnsiY3JlYXRlIjozMDAwMDAwMDAwMDB9fQ=="
        }
      ]
    },
    {
      "mode": "managed",
      "type": "google_storage_bucket",
      "name": "frontend_bucket",
      "provider": "provider[\"registry.terraform.io/hashicorp/google\"]",
      "instances": [
        {
          "schema_version": 0,
          "attributes": {
            "autoclass": [],
            "cors": [],
            "custom_placement_config": [],
            "default_event_based_hold": false,
            "encryption": [],
            "force_destroy": true,
            "id": "resume-matcher-frontend",
            "labels": {},
            "lifecycle_rule": [],
            "location": "US",
            "logging": [],
            "name": "resume-matcher-frontend",
            "project": "project-processing-475110",
            "public_access_prevention": "inherited",
            "requester_pays": false,
            "retention_policy": [],
            "self_link": "https://www.googleapis.com/storage/v1/b/resume-matcher-frontend",
            "soft_delete_policy": [
              {
                "effective_time": "2025-10-18T19:25:49.804Z",
                "retention_duration_seconds": 604800
              }
            ],
            "storage_class": "STANDARD",
            "timeouts": null,
            "uniform_bucket_level_access": true,
            "url": "gs://resume-matcher-frontend",
            "versioning": [],
            "website": [
              {
                "main_page_suffix": "index.html",
                "not_found_page": "index.html"
              }
            ]
          },
          "sensitive_attributes": [],
          "identity_schema_version": 0,
          "private": "eyJlMmJmYjczMC1lY2FhLTExZTYtOGY4OC0zNDM2M2JjN2M0YzAiOnsiY3JlYXRlIjo2MDAwMDAwMDAwMDAsInJlYWQiOjI0MDAwMDAwMDAwMCwidXBkYXRlIjoyNDAwMDAwMDAwMDB9fQ=="
        }
      ]
    },
    {
      "mode": "managed",
      "type": "google_storage_bucket",
      "name": "keyword_data_bucket",
      "provider": "provider[\"registry.terraform.io/hashicorp/google\"]",
      "instances": [
        {
          "schema_version": 0,
          "attributes": {
            "autoclass": [],
            "cors": [],
            "custom_placement_config": [],
            "default_event_based_hold": false,
            "encryption": [],
            "force_destroy": true,
            "id": "resume-matcher-keywords",
            "labels": {},
            "lifecycle_rule": [],
            "location": "EUROPE-WEST1",
            "logging": [],
            "name": "resume-matcher-keywords",
            "project": "project-processing-475110",
            "public_access_prevention": "inherited",
            "requester_pays": false,
            "retention_policy": [],
            "self_link": "https://www.googleapis.com/storage/v1/b/resume-matcher-keywords",
            "soft_delete_policy": [
              {
                "effective_time": "2025-10-18T21:49:24.492Z",
                "retention_duration_seconds": 604800
              }
            ],
            "storage_class": "STANDARD",
            "timeouts": null,
            "uniform_bucket_level_access": true,
            "url": "gs://resume-matcher-keywords",
            "versioning": [],
            "website": []
          },
          "sensitive_attributes": [],
          "identity_schema_version": 0,
          "private": "eyJlMmJmYjczMC1lY2FhLTExZTYtOGY4OC0zNDM2M2JjN2M0YzAiOnsiY3JlYXRlIjo2MDAwMDAwMDAwMDAsInJlYWQiOjI0MDAwMDAwMDAwMCwidXBkYXRlIjoyNDAwMDAwMDAwMDB9fQ=="
        }
      ]
    },
    {
      "mode": "managed",
      "type": "google_storage_bucket_iam_member",
      "name": "public_access",
      "provider": "provider[\"registry.terraform.io/hashicorp/google\"]",
      "instances": [
        {
          "schema_version": 0,
          "attributes": {
            "bucket": "b/resume-matcher-frontend",
            "condition": [],
            "etag": "CAI=",
            "id": "b/resume-matcher-frontend/roles/storage.objectViewer/allUsers",
            "member": "allUsers",
            "role": "roles/storage.objectViewer"
          },
          "sensitive_attributes": [],
          "identity_schema_version": 0,
          "private": "bnVsbA==",
          "dependencies": [
            "google_storage_bucket.frontend_bucket"
          ]
        }
      ]
    }
  ],
  "check_results": null
}
